
Microsoft Visual Studio Solution File, Format Version 12.00
# Visual Studio Version 16
VisualStudioVersion = 16.0.30320.27
MinimumVisualStudioVersion = 10.0.40219.1
Project("{FAE04EC0-301F-11D3-BF4B-00C04F79EFBC}") = "NetworkTest2Server", "NetworkTest2Server\NetworkTest2Server.csproj", "{028ECD54-DEB0-4F08-A757-7D0278375464}"
EndProject
Global
	GlobalSection(SolutionConfigurationPlatforms) = preSolution
		Debug|Any CPU = Debug|Any CPU
		Release|Any CPU = Release|Any CPU
	EndGlobalSection
	GlobalSection(ProjectConfigurationPlatforms) = postSolution
		{028ECD54-DEB0-4F08-A757-7D0278375464}.Debug|Any CPU.ActiveCfg = Debug|Any CPU
		{028ECD54-DEB0-4F08-A757-7D0278375464}.Debug|Any CPU.Build.0 = Debug|Any CPU
		{028ECD54-DEB0-4F08-A757-7D0278375464}.Release|Any CPU.ActiveCfg = Release|Any CPU
		{028ECD54-DEB0-4F08-A757-7D0278375464}.Release|Any CPU.Build.0 = Release|Any CPU
	EndGlobalSection
	GlobalSection(SolutionProperties) = preSolution
		HideSolutionNode = FALSE
	EndGlobalSection
	GlobalSection(ExtensibilityGlobals) = postSolution
		SolutionGuid = {436DD140-3BA2-460C-BFBB-DA45C6B0063A}
	EndGlobalSection
EndGlobal
